// !$*UTF8*$!
{
	archiveVersion = 1;
	classes = {
	};
	objectVersion = 46;
	objects = {

/* Begin PBXBuildFile section */
		CCA7344B1F2098A000C1E25D /* AppDelegate.swift in Sources */ = {isa = PBXBuildFile; fileRef = CCA7344A1F2098A000C1E25D /* AppDelegate.swift */; };
		CCA7344D1F2098A000C1E25D /* ViewController.swift in Sources */ = {isa = PBXBuildFile; fileRef = CCA7344C1F2098A000C1E25D /* ViewController.swift */; };
		CCA734501F2098A000C1E25D /* Main.storyboard in Resources */ = {isa = PBXBuildFile; fileRef = CCA7344E1F2098A000C1E25D /* Main.storyboard */; };
		CCA734521F2098A000C1E25D /* Assets.xcassets in Resources */ = {isa = PBXBuildFile; fileRef = CCA734511F2098A000C1E25D /* Assets.xcassets */; };
		CCA734551F2098A000C1E25D /* LaunchScreen.storyboard in Resources */ = {isa = PBXBuildFile; fileRef = CCA734531F2098A000C1E25D /* LaunchScreen.storyboard */; };
/* End PBXBuildFile section */

/* Begin PBXFileReference section */
		CCA734471F2098A000C1E25D /* GloriusEggTimer.app */ = {isa = PBXFileReference; explicitFileType = wrapper.application; includeInIndex = 0; path = GloriusEggTimer.app; sourceTree = BUILT_PRODUCTS_DIR; };
		CCA7344A1F2098A000C1E25D /* AppDelegate.swift */ = {isa = PBXFileReference; lastKnownFileType = sourcecode.swift; path = AppDelegate.swift; sourceTree = "<group>"; };
		CCA7344C1F2098A000C1E25D /* ViewController.swift */ = {isa = PBXFileReference; lastKnownFileType = sourcecode.swift; path = ViewController.swift; sourceTree = "<group>"; };
		CCA7344F1F2098A000C1E25D /* Base */ = {isa = PBXFileReference; lastKnownFileType = file.storyboard; name = Base; path = Base.lproj/Main.storyboard; sourceTree = "<group>"; };
		CCA734511F2098A000C1E25D /* Assets.xcassets */ = {isa = PBXFileReference; lastKnownFileType = folder.assetcatalog; path = Assets.xcassets; sourceTree = "<group>"; };
		CCA734541F2098A000C1E25D /* Base */ = {isa = PBXFileReference; lastKnownFileType = file.storyboard; name = Base; path = Base.lproj/LaunchScreen.storyboard; sourceTree = "<group>"; };
		CCA734561F2098A000C1E25D /* Info.plist */ = {isa = PBXFileReference; lastKnownFileType = text.plist.xml; path = Info.plist; sourceTree = "<group>"; };
/* End PBXFileReference section */

/* Begin PBXFrameworksBuildPhase section */
		CCA734441F2098A000C1E25D /* Frameworks */ = {
			isa = PBXFrameworksBuildPhase;
			buildActionMask = 2147483647;
			files = (
			);
			runOnlyForDeploymentPostprocessing = 0;
		};
/* End PBXFrameworksBuildPhase section */

/* Begin PBXGroup section */
		CCA7343E1F2098A000C1E25D = {
			isa = PBXGroup;
			children = (
				CCA734491F2098A000C1E25D /* GloriusEggTimer */,
				CCA734481F2098A000C1E25D /* Products */,
			);
			sourceTree = "<group>";
		};
		CCA734481F2098A000C1E25D /* Products */ = {
			isa = PBXGroup;
			children = (
				CCA734471F2098A000C1E25D /* GloriusEggTimer.app */,
			);
			name = Products;
			sourceTree = "<group>";
		};
		CCA734491F2098A000C1E25D /* GloriusEggTimer */ = {
			isa = PBXGroup;
			children = (
				CCA7344A1F2098A000C1E25D /* AppDelegate.swift */,
				CCA7344C1F2098A000C1E25D /* ViewController.swift */,
				CCA7344E1F2098A000C1E25D /* Main.storyboard */,
				CCA734511F2098A000C1E25D /* Assets.xcassets */,
				CCA734531F2098A000C1E25D /* LaunchScreen.storyboard */,
				CCA734561F2098A000C1E25D /* Info.plist */,
			);
			path = GloriusEggTimer;
			sourceTree = "<group>";
		};
/* End PBXGroup section */

/* Begin PBXNativeTarget section */
		CCA734461F2098A000C1E25D /* GloriusEggTimer */ = {
			isa = PBXNativeTarget;
			buildConfigurationList = CCA734591F2098A000C1E25D /* Build configuration list for PBXNativeTarget "GloriusEggTimer" */;
			buildPhases = (
				CCA734431F2098A000C1E25D /* Sources */,
				CCA734441F2098A000C1E25D /* Frameworks */,
				CCA734451F2098A000C1E25D /* Resources */,
			);
			buildRules = (
			);
			dependencies = (
			);
			name = GloriusEggTimer;
			productName = GloriusEggTimer;
			productReference = CCA734471F2098A000C1E25D /* GloriusEggTimer.app */;
			productType = "com.apple.product-type.application";
		};
/* End PBXNativeTarget section */

/* Begin PBXProject section */
		CCA7343F1F2098A000C1E25D /* Project object */ = {
			isa = PBXProject;
			attributes = {
				LastSwiftUpdateCheck = 0830;
				LastUpgradeCheck = 0830;
				ORGANIZATIONNAME = "web-wizards";
				TargetAttributes = {
					CCA734461F2098A000C1E25D = {
						CreatedOnToolsVersion = 8.3.3;
						DevelopmentTeam = JP6K8CGNVQ;
						ProvisioningStyle = Automatic;
					};
				};
			};
			buildConfigurationList = CCA734421F2098A000C1E25D /* Build configuration list for PBXProject "GloriusEggTimer" */;
			compatibilityVersion = "Xcode 3.2";
			developmentRegion = English;
			hasScannedForEncodings = 0;
			knownRegions = (
				en,
				Base,
			);
			mainGroup = CCA7343E1F2098A000C1E25D;
			productRefGroup = CCA734481F2098A000C1E25D /* Products */;
			projectDirPath = "";
			projectRoot = "";
			targets = (
				CCA734461F2098A000C1E25D /* GloriusEggTimer */,
			);
		};
/* End PBXProject section */

/* Begin PBXResourcesBuildPhase section */
		CCA734451F2098A000C1E25D /* Resources */ = {
			isa = PBXResourcesBuildPhase;
			buildActionMask = 2147483647;
			files = (
				CCA734551F2098A000C1E25D /* LaunchScreen.storyboard in Resources */,
				CCA734521F2098A000C1E25D /* Assets.xcassets in Resources */,
				CCA734501F2098A000C1E25D /* Main.storyboard in Resources */,
			);
			runOnlyForDeploymentPostprocessing = 0;
		};
/* End PBXResourcesBuildPhase section */

/* Begin PBXSourcesBuildPhase section */
		CCA734431F2098A000C1E25D /* Sources */ = {
			isa = PBXSourcesBuildPhase;
			buildActionMask = 2147483647;
			files = (
				CCA7344D1F2098A000C1E25D /* ViewController.swift in Sources */,
				CCA7344B1F2098A000C1E25D /* AppDelegate.swift in Sources */,
			);
			runOnlyForDeploymentPostprocessing = 0;
		};
/* End PBXSourcesBuildPhase section */

/* Begin PBXVariantGroup section */
		CCA7344E1F2098A000C1E25D /* Main.storyboard */ = {
			isa = PBXVariantGroup;
			children = (
				CCA7344F1F2098A000C1E25D /* Base */,
			);
			name = Main.storyboard;
			sourceTree = "<group>";
		};
		CCA734531F2098A000C1E25D /* LaunchScreen.storyboard */ = {
			isa = PBXVariantGroup;
			children = (
				CCA734541F2098A000C1E25D /* Base */,
			);
			name = LaunchScreen.storyboard;
			sourceTree = "<group>";
		};
/* End PBXVariantGroup section */

/* Begin XCBuildConfiguration section */
		CCA734571F2098A000C1E25D /* Debug */ = {
			isa = XCBuildConfiguration;
			buildSettings = {
				ALWAYS_SEARCH_USER_PATHS = NO;
				CLANG_ANALYZER_NONNULL = YES;
				CLANG_ANALYZER_NUMBER_OBJECT_CONVERSION = YES_AGGRESSIVE;
				CLANG_CXX_LANGUAGE_STANDARD = "gnu++0x";
				CLANG_CXX_LIBRARY = "libc++";
				CLANG_ENABLE_MODULES = YES;
				CLANG_ENABLE_OBJC_ARC = YES;
				CLANG_WARN_BOOL_CONVERSION = YES;
				CLANG_WARN_CONSTANT_CONVERSION = YES;
				CLANG_WARN_DIRECT_OBJC_ISA_USAGE = YES_ERROR;
				CLANG_WARN_DOCUMENTATION_COMMENTS = YES;
				CLANG_WARN_EMPTY_BODY = YES;
				CLANG_WARN_ENUM_CONVERSION = YES;
				CLANG_WARN_INFINITE_RECURSION = YES;
				CLANG_WARN_INT_CONVERSION = YES;
				CLANG_WARN_OBJC_ROOT_CLASS = YES_ERROR;
				CLANG_WARN_SUSPICIOUS_MOVE = YES;
				CLANG_WARN_UNREACHABLE_CODE = YES;
				CLANG_WARN__DUPLICATE_METHOD_MATCH = YES;
				"CODE_SIGN_IDENTITY[sdk=iphoneos*]" = "iPhone Developer";
				COPY_PHASE_STRIP = NO;
				DEBUG_INFORMATION_FORMAT = dwarf;
				ENABLE_STRICT_OBJC_MSGSEND = YES;
				ENABLE_TESTABILITY = YES;
				GCC_C_LANGUAGE_STANDARD = gnu99;
				GCC_DYNAMIC_NO_PIC = NO;
				GCC_NO_COMMON_BLOCKS = YES;
				GCC_OPTIMIZATION_LEVEL = 0;
				GCC_PREPROCESSOR_DEFINITIONS = (
					"DEBUG=1",
					"$(inherited)",
				);
				GCC_WARN_64_TO_32_BIT_CONVERSION = YES;
				GCC_WARN_ABOUT_RETURN_TYPE = YES_ERROR;
				GCC_WARN_UNDECLARED_SELECTOR = YES;
				GCC_WARN_UNINITIALIZED_AUTOS = YES_AGGRESSIVE;
				GCC_WARN_UNUSED_FUNCTION = YES;
				GCC_WARN_UNUSED_VARIABLE = YES;
				IPHONEOS_DEPLOYMENT_TARGET = 10.3;
				MTL_ENABLE_DEBUG_INFO = YES;
				ONLY_ACTIVE_ARCH = YES;
				SDKROOT = iphoneos;
				SWIFT_ACTIVE_COMPILATION_CONDITIONS = DEBUG;
				SWIFT_OPTIMIZATION_LEVEL = "-Onone";
				TARGETED_DEVICE_FAMILY = "1,2";
			};
			name = Debug;
		};
		CCA734581F2098A000C1E25D /* Release */ = {
			isa = XCBuildConfiguration;
			buildSettings = {
				ALWAYS_SEARCH_USER_PATHS = NO;
				CLANG_ANALYZER_NONNULL = YES;
				CLANG_ANALYZER_NUMBER_OBJECT_CONVERSION = YES_AGGRESSIVE;
				CLANG_CXX_LANGUAGE_STANDARD = "gnu++0x";
				CLANG_CXX_LIBRARY = "libc++";
				CLANG_ENABLE_MODULES = YES;
				CLANG_ENABLE_OBJC_ARC = YES;
				CLANG_WARN_BOOL_CONVERSION = YES;
				CLANG_WARN_CONSTANT_CONVERSION = YES;
				CLANG_WARN_DIRECT_OBJC_ISA_USAGE = YES_ERROR;
				CLANG_WARN_DOCUMENTATION_COMMENTS = YES;
				CLANG_WARN_EMPTY_BODY = YES;
				CLANG_WARN_ENUM_CONVERSION = YES;
				CLANG_WARN_INFINITE_RECURSION = YES;
				CLANG_WARN_INT_CONVERSION = YES;
				CLANG_WARN_OBJC_ROOT_CLASS = YES_ERROR;
				CLANG_WARN_SUSPICIOUS_MOVE = YES;
				CLANG_WARN_UNREACHABLE_CODE = YES;
				CLANG_WARN__DUPLICATE_METHOD_MATCH = YES;
				"CODE_SIGN_IDENTITY[sdk=iphoneos*]" = "iPhone Developer";
				COPY_PHASE_STRIP = NO;
				DEBUG_INFORMATION_FORMAT = "dwarf-with-dsym";
				ENABLE_NS_ASSERTIONS = NO;
				ENABLE_STRICT_OBJC_MSGSEND = YES;
				GCC_C_LANGUAGE_STANDARD = gnu99;
				GCC_NO_COMMON_BLOCKS = YES;
				GCC_WARN_64_TO_32_BIT_CONVERSION = YES;
				GCC_WARN_ABOUT_RETURN_TYPE = YES_ERROR;
				GCC_WARN_UNDECLARED_SELECTOR = YES;
				GCC_WARN_UNINITIALIZED_AUTOS = YES_AGGRESSIVE;
				GCC_WARN_UNUSED_FUNCTION = YES;
				GCC_WARN_UNUSED_VARIABLE = YES;
				IPHONEOS_DEPLOYMENT_TARGET = 10.3;
				MTL_ENABLE_DEBUG_INFO = NO;
				SDKROOT = iphoneos;
				SWIFT_OPTIMIZATION_LEVEL = "-Owholemodule";
				TARGETED_DEVICE_FAMILY = "1,2";
				VALIDATE_PRODUCT = YES;
			};
			name = Release;
		};
		CCA7345A1F2098A000C1E25D /* Debug */ = {
			isa = XCBuildConfiguration;
			buildSettings = {
				ASSETCATALOG_COMPILER_APPICON_NAME = AppIcon;
				DEVELOPMENT_TEAM = JP6K8CGNVQ;
				INFOPLIST_FILE = GloriusEggTimer/Info.plist;
				LD_RUNPATH_SEARCH_PATHS = "$(inherited) @executable_path/Frameworks";
				PRODUCT_BUNDLE_IDENTIFIER = "web-wizards.ru.GloriusEggTimer";
				PRODUCT_NAME = "$(TARGET_NAME)";
				SWIFT_VERSION = 3.0;
				TARGETED_DEVICE_FAMILY = 1;
			};
			name = Debug;
		};
		CCA7345B1F2098A000C1E25D /* Release */ = {
			isa = XCBuildConfiguration;
			buildSettings = {
				ASSETCATALOG_COMPILER_APPICON_NAME = AppIcon;
				DEVELOPMENT_TEAM = JP6K8CGNVQ;
				INFOPLIST_FILE = GloriusEggTimer/Info.plist;
				LD_RUNPATH_SEARCH_PATHS = "$(inherited) @executable_path/Frameworks";
				PRODUCT_BUNDLE_IDENTIFIER = "web-wizards.ru.GloriusEggTimer";
				PRODUCT_NAME = "$(TARGET_NAME)";
				SWIFT_VERSION = 3.0;
				TARGETED_DEVICE_FAMILY = 1;
			};
			name = Release;
		};
/* End XCBuildConfiguration section */

/* Begin XCConfigurationList section */
		CCA734421F2098A000C1E25D /* Build configuration list for PBXProject "GloriusEggTimer" */ = {
			isa = XCConfigurationList;
			buildConfigurations = (
				CCA734571F2098A000C1E25D /* Debug */,
				CCA734581F2098A000C1E25D /* Release */,
			);
			defaultConfigurationIsVisible = 0;
			defaultConfigurationName = Release;
		};
		CCA734591F2098A000C1E25D /* Build configuration list for PBXNativeTarget "GloriusEggTimer" */ = {
			isa = XCConfigurationList;
			buildConfigurations = (
				CCA7345A1F2098A000C1E25D /* Debug */,
				CCA7345B1F2098A000C1E25D /* Release */,
			);
			defaultConfigurationIsVisible = 0;
		};
/* End XCConfigurationList section */
	};
	rootObject = CCA7343F1F2098A000C1E25D /* Project object */;
}
